
Microsoft Visual Studio Solution File, Format Version 12.00
# Visual Studio Version 17
VisualStudioVersion = 17.14.37301.10
MinimumVisualStudioVersion = 10.0.40219.1
Project("{FAE04EC0-301F-11D3-BF4B-00C04F79EFBC}") = "GV_MIEDU.Models", "GV_MIEDU.Models\GV_MIEDU.Models.csproj", "{37B8952A-26F9-4952-89C9-483BE194EC85}"
EndProject
Project("{FAE04EC0-301F-11D3-BF4B-00C04F79EFBC}") = "GV_MIEDU.ConsoleApp", "GV_MIEDU.ConsoleApp\GV_MIEDU.ConsoleApp.csproj", "{C529838B-E8CE-40FE-A723-71C413808D34}"
EndProject
Project("{FAE04EC0-301F-11D3-BF4B-00C04F79EFBC}") = "GV_MIEDU.WinForms", "GV_MIEDU.WinForms\GV_MIEDU.WinForms.csproj", "{3AEB0198-5D42-4521-BF03-4813B2C817F3}"
EndProject
Project("{FAE04EC0-301F-11D3-BF4B-00C04F79EFBC}") = "GV_MIEDU.DAL", "GV_MIEDU.DAL\GV_MIEDU.DAL.csproj", "{A66AED3A-F50D-412E-B13C-CDF79B577770}"
EndProject
Project("{FAE04EC0-301F-11D3-BF4B-00C04F79EFBC}") = "GV_MIEDU.BLL", "GV_MIEDU.BLL\GV_MIEDU.BLL.csproj", "{D33A82C0-6010-41F3-9399-4C98D358CE04}"
EndProject
Global
	GlobalSection(SolutionConfigurationPlatforms) = preSolution
		Debug|Any CPU = Debug|Any CPU
		Release|Any CPU = Release|Any CPU
	EndGlobalSection
	GlobalSection(ProjectConfigurationPlatforms) = postSolution
		{37B8952A-26F9-4952-89C9-483BE194EC85}.Debug|Any CPU.ActiveCfg = Debug|Any CPU
		{37B8952A-26F9-4952-89C9-483BE194EC85}.Debug|Any CPU.Build.0 = Debug|Any CPU
		{37B8952A-26F9-4952-89C9-483BE194EC85}.Release|Any CPU.ActiveCfg = Release|Any CPU
		{37B8952A-26F9-4952-89C9-483BE194EC85}.Release|Any CPU.Build.0 = Release|Any CPU
		{C529838B-E8CE-40FE-A723-71C413808D34}.Debug|Any CPU.ActiveCfg = Debug|Any CPU
		{C529838B-E8CE-40FE-A723-71C413808D34}.Debug|Any CPU.Build.0 = Debug|Any CPU
		{C529838B-E8CE-40FE-A723-71C413808D34}.Release|Any CPU.ActiveCfg = Release|Any CPU
		{C529838B-E8CE-40FE-A723-71C413808D34}.Release|Any CPU.Build.0 = Release|Any CPU
		{3AEB0198-5D42-4521-BF03-4813B2C817F3}.Debug|Any CPU.ActiveCfg = Debug|Any CPU
		{3AEB0198-5D42-4521-BF03-4813B2C817F3}.Debug|Any CPU.Build.0 = Debug|Any CPU
		{3AEB0198-5D42-4521-BF03-4813B2C817F3}.Release|Any CPU.ActiveCfg = Release|Any CPU
		{3AEB0198-5D42-4521-BF03-4813B2C817F3}.Release|Any CPU.Build.0 = Release|Any CPU
		{A66AED3A-F50D-412E-B13C-CDF79B577770}.Debug|Any CPU.ActiveCfg = Debug|Any CPU
		{A66AED3A-F50D-412E-B13C-CDF79B577770}.Debug|Any CPU.Build.0 = Debug|Any CPU
		{A66AED3A-F50D-412E-B13C-CDF79B577770}.Release|Any CPU.ActiveCfg = Release|Any CPU
		{A66AED3A-F50D-412E-B13C-CDF79B577770}.Release|Any CPU.Build.0 = Release|Any CPU
		{D33A82C0-6010-41F3-9399-4C98D358CE04}.Debug|Any CPU.ActiveCfg = Debug|Any CPU
		{D33A82C0-6010-41F3-9399-4C98D358CE04}.Debug|Any CPU.Build.0 = Debug|Any CPU
		{D33A82C0-6010-41F3-9399-4C98D358CE04}.Release|Any CPU.ActiveCfg = Release|Any CPU
		{D33A82C0-6010-41F3-9399-4C98D358CE04}.Release|Any CPU.Build.0 = Release|Any CPU
	EndGlobalSection
	GlobalSection(SolutionProperties) = preSolution
		HideSolutionNode = FALSE
	EndGlobalSection
	GlobalSection(ExtensibilityGlobals) = postSolution
		SolutionGuid = {B6CD3753-8029-48B8-BEF9-52890242FC2B}
	EndGlobalSection
EndGlobal
